
Microsoft Visual Studio Solution File, Format Version 12.00
# Visual Studio Version 17
VisualStudioVersion = 17.3.32901.215
MinimumVisualStudioVersion = 10.0.40219.1
Project("{FAE04EC0-301F-11D3-BF4B-00C04F79EFBC}") = "Publisher", "Publisher\Publisher.csproj", "{A32838D0-7C8D-4A42-BF21-E5D61D19CD7C}"
EndProject
Global
	GlobalSection(SolutionConfigurationPlatforms) = preSolution
		Debug|Any CPU = Debug|Any CPU
		Release|Any CPU = Release|Any CPU
	EndGlobalSection
	GlobalSection(ProjectConfigurationPlatforms) = postSolution
		{A32838D0-7C8D-4A42-BF21-E5D61D19CD7C}.Debug|Any CPU.ActiveCfg = Debug|Any CPU
		{A32838D0-7C8D-4A42-BF21-E5D61D19CD7C}.Debug|Any CPU.Build.0 = Debug|Any CPU
		{A32838D0-7C8D-4A42-BF21-E5D61D19CD7C}.Release|Any CPU.ActiveCfg = Release|Any CPU
		{A32838D0-7C8D-4A42-BF21-E5D61D19CD7C}.Release|Any CPU.Build.0 = Release|Any CPU
	EndGlobalSection
	GlobalSection(SolutionProperties) = preSolution
		HideSolutionNode = FALSE
	EndGlobalSection
	GlobalSection(ExtensibilityGlobals) = postSolution
		SolutionGuid = {9FA9EEE2-AEFF-4036-BF7B-52C63FAED0C9}
	EndGlobalSection
EndGlobal
